
Microsoft Visual Studio Solution File, Format Version 12.00
# Visual Studio 14
VisualStudioVersion = 14.0.25420.1
MinimumVisualStudioVersion = 10.0.40219.1
Project("{FAE04EC0-301F-11D3-BF4B-00C04F79EFBC}") = "OpenDrive", "OpenDrive\OpenDrive.csproj", "{F3497C63-0D0D-484C-9BA1-238E3EF1689B}"
EndProject
Project("{FAE04EC0-301F-11D3-BF4B-00C04F79EFBC}") = "OpenDrive.Test", "OpenDrive.Test\OpenDrive.Test.csproj", "{67EE8AEE-61C1-41DC-9D7A-57D61A347FBC}"
EndProject
Global
	GlobalSection(SolutionConfigurationPlatforms) = preSolution
		Debug|Any CPU = Debug|Any CPU
		Release|Any CPU = Release|Any CPU
	EndGlobalSection
	GlobalSection(ProjectConfigurationPlatforms) = postSolution
		{F3497C63-0D0D-484C-9BA1-238E3EF1689B}.Debug|Any CPU.ActiveCfg = Debug|Any CPU
		{F3497C63-0D0D-484C-9BA1-238E3EF1689B}.Debug|Any CPU.Build.0 = Debug|Any CPU
		{F3497C63-0D0D-484C-9BA1-238E3EF1689B}.Release|Any CPU.ActiveCfg = Release|Any CPU
		{F3497C63-0D0D-484C-9BA1-238E3EF1689B}.Release|Any CPU.Build.0 = Release|Any CPU
		{67EE8AEE-61C1-41DC-9D7A-57D61A347FBC}.Debug|Any CPU.ActiveCfg = Debug|Any CPU
		{67EE8AEE-61C1-41DC-9D7A-57D61A347FBC}.Debug|Any CPU.Build.0 = Debug|Any CPU
		{67EE8AEE-61C1-41DC-9D7A-57D61A347FBC}.Release|Any CPU.ActiveCfg = Release|Any CPU
		{67EE8AEE-61C1-41DC-9D7A-57D61A347FBC}.Release|Any CPU.Build.0 = Release|Any CPU
	EndGlobalSection
	GlobalSection(SolutionProperties) = preSolution
		HideSolutionNode = FALSE
	EndGlobalSection
EndGlobal
